
Microsoft Visual Studio Solution File, Format Version 12.00
# Visual Studio 15
VisualStudioVersion = 15.0.27130.2020
MinimumVisualStudioVersion = 10.0.40219.1
Project("{FAE04EC0-301F-11D3-BF4B-00C04F79EFBC}") = "Transformation", "Transformation\Transformation.csproj", "{553D509B-47D4-454E-812F-F893F84C044F}"
EndProject
Project("{FAE04EC0-301F-11D3-BF4B-00C04F79EFBC}") = "Data", "Data\Data.csproj", "{04655520-534A-4673-B4BF-A59480EF8966}"
EndProject
Global
	GlobalSection(SolutionConfigurationPlatforms) = preSolution
		Debug|Any CPU = Debug|Any CPU
		Release|Any CPU = Release|Any CPU
	EndGlobalSection
	GlobalSection(ProjectConfigurationPlatforms) = postSolution
		{553D509B-47D4-454E-812F-F893F84C044F}.Debug|Any CPU.ActiveCfg = Debug|Any CPU
		{553D509B-47D4-454E-812F-F893F84C044F}.Debug|Any CPU.Build.0 = Debug|Any CPU
		{553D509B-47D4-454E-812F-F893F84C044F}.Release|Any CPU.ActiveCfg = Release|Any CPU
		{553D509B-47D4-454E-812F-F893F84C044F}.Release|Any CPU.Build.0 = Release|Any CPU
		{04655520-534A-4673-B4BF-A59480EF8966}.Debug|Any CPU.ActiveCfg = Debug|Any CPU
		{04655520-534A-4673-B4BF-A59480EF8966}.Debug|Any CPU.Build.0 = Debug|Any CPU
		{04655520-534A-4673-B4BF-A59480EF8966}.Release|Any CPU.ActiveCfg = Release|Any CPU
		{04655520-534A-4673-B4BF-A59480EF8966}.Release|Any CPU.Build.0 = Release|Any CPU
	EndGlobalSection
	GlobalSection(SolutionProperties) = preSolution
		HideSolutionNode = FALSE
	EndGlobalSection
	GlobalSection(ExtensibilityGlobals) = postSolution
		SolutionGuid = {AE5822EA-1D49-48DC-B5BB-6C30A250EF73}
	EndGlobalSection
EndGlobal
